
Microsoft Visual Studio Solution File, Format Version 12.00
# Visual Studio Version 16
VisualStudioVersion = 16.0.32602.291
MinimumVisualStudioVersion = 10.0.40219.1
Project("{FAE04EC0-301F-11D3-BF4B-00C04F79EFBC}") = "TheVillagers", "TheVillagers.csproj", "{FFA0E36E-D83C-48F0-B7DE-0B2F12EB12A3}"
EndProject
Global
	GlobalSection(SolutionConfigurationPlatforms) = preSolution
		Debug|Any CPU = Debug|Any CPU
		Release|Any CPU = Release|Any CPU
	EndGlobalSection
	GlobalSection(ProjectConfigurationPlatforms) = postSolution
		{FFA0E36E-D83C-48F0-B7DE-0B2F12EB12A3}.Debug|Any CPU.ActiveCfg = Debug|Any CPU
		{FFA0E36E-D83C-48F0-B7DE-0B2F12EB12A3}.Debug|Any CPU.Build.0 = Debug|Any CPU
		{FFA0E36E-D83C-48F0-B7DE-0B2F12EB12A3}.Release|Any CPU.ActiveCfg = Release|Any CPU
		{FFA0E36E-D83C-48F0-B7DE-0B2F12EB12A3}.Release|Any CPU.Build.0 = Release|Any CPU
	EndGlobalSection
	GlobalSection(SolutionProperties) = preSolution
		HideSolutionNode = FALSE
	EndGlobalSection
	GlobalSection(ExtensibilityGlobals) = postSolution
		SolutionGuid = {4BD8DE96-7AC3-42FA-AE4B-28800F6CA3D6}
	EndGlobalSection
EndGlobal
